
Microsoft Visual Studio Solution File, Format Version 12.00
# Visual Studio Version 16
VisualStudioVersion = 16.0.31205.134
MinimumVisualStudioVersion = 10.0.40219.1
Project("{FAE04EC0-301F-11D3-BF4B-00C04F79EFBC}") = "GenericsDemo", "GenericsDemo\GenericsDemo.csproj", "{7188E3C7-30DD-4F53-A273-27CD70816813}"
EndProject
Project("{FAE04EC0-301F-11D3-BF4B-00C04F79EFBC}") = "FindMaximumNumber", "FindMaximumNumber\FindMaximumNumber.csproj", "{EBC32FE7-14EB-48A3-84EA-A61EA069E4AA}"
EndProject
Global
	GlobalSection(SolutionConfigurationPlatforms) = preSolution
		Debug|Any CPU = Debug|Any CPU
		Release|Any CPU = Release|Any CPU
	EndGlobalSection
	GlobalSection(ProjectConfigurationPlatforms) = postSolution
		{7188E3C7-30DD-4F53-A273-27CD70816813}.Debug|Any CPU.ActiveCfg = Debug|Any CPU
		{7188E3C7-30DD-4F53-A273-27CD70816813}.Debug|Any CPU.Build.0 = Debug|Any CPU
		{7188E3C7-30DD-4F53-A273-27CD70816813}.Release|Any CPU.ActiveCfg = Release|Any CPU
		{7188E3C7-30DD-4F53-A273-27CD70816813}.Release|Any CPU.Build.0 = Release|Any CPU
		{EBC32FE7-14EB-48A3-84EA-A61EA069E4AA}.Debug|Any CPU.ActiveCfg = Debug|Any CPU
		{EBC32FE7-14EB-48A3-84EA-A61EA069E4AA}.Debug|Any CPU.Build.0 = Debug|Any CPU
		{EBC32FE7-14EB-48A3-84EA-A61EA069E4AA}.Release|Any CPU.ActiveCfg = Release|Any CPU
		{EBC32FE7-14EB-48A3-84EA-A61EA069E4AA}.Release|Any CPU.Build.0 = Release|Any CPU
	EndGlobalSection
	GlobalSection(SolutionProperties) = preSolution
		HideSolutionNode = FALSE
	EndGlobalSection
	GlobalSection(ExtensibilityGlobals) = postSolution
		SolutionGuid = {D3C0D631-274B-41E4-A682-2D0EE34CF62F}
	EndGlobalSection
EndGlobal
